
Microsoft Visual Studio Solution File, Format Version 12.00
# Visual Studio Version 16
VisualStudioVersion = 16.0.31321.278
MinimumVisualStudioVersion = 10.0.40219.1
Project("{FAE04EC0-301F-11D3-BF4B-00C04F79EFBC}") = "SEDC.cSharp.Class02.Homework", "SEDC.cSharp.Class02.Homework\SEDC.cSharp.Class02.Homework.csproj", "{72B0E22D-FDB2-4B31-8B16-2711BB78CA60}"
EndProject
Global
	GlobalSection(SolutionConfigurationPlatforms) = preSolution
		Debug|Any CPU = Debug|Any CPU
		Release|Any CPU = Release|Any CPU
	EndGlobalSection
	GlobalSection(ProjectConfigurationPlatforms) = postSolution
		{72B0E22D-FDB2-4B31-8B16-2711BB78CA60}.Debug|Any CPU.ActiveCfg = Debug|Any CPU
		{72B0E22D-FDB2-4B31-8B16-2711BB78CA60}.Debug|Any CPU.Build.0 = Debug|Any CPU
		{72B0E22D-FDB2-4B31-8B16-2711BB78CA60}.Release|Any CPU.ActiveCfg = Release|Any CPU
		{72B0E22D-FDB2-4B31-8B16-2711BB78CA60}.Release|Any CPU.Build.0 = Release|Any CPU
	EndGlobalSection
	GlobalSection(SolutionProperties) = preSolution
		HideSolutionNode = FALSE
	EndGlobalSection
	GlobalSection(ExtensibilityGlobals) = postSolution
		SolutionGuid = {00A90494-964B-4007-841D-3999813B26F7}
	EndGlobalSection
EndGlobal
