
Microsoft Visual Studio Solution File, Format Version 12.00
# Visual Studio Version 16
VisualStudioVersion = 16.0.31321.278
MinimumVisualStudioVersion = 10.0.40219.1
Project("{FAE04EC0-301F-11D3-BF4B-00C04F79EFBC}") = "SEDC.cSharp.Class04.Homework", "SEDC.cSharp.Class04.Homework\SEDC.cSharp.Class04.Homework.csproj", "{B4D7092C-22B6-4ED1-9FB1-747E3C5FB60D}"
EndProject
Project("{FAE04EC0-301F-11D3-BF4B-00C04F79EFBC}") = "SEDC.cSharp.Class04.BonusHomework", "SEDC.cSharp.Class04.BonusHomework\SEDC.cSharp.Class04.BonusHomework.csproj", "{BB08CF62-35F4-4EC5-BE3E-5215F1E26B69}"
EndProject
Global
	GlobalSection(SolutionConfigurationPlatforms) = preSolution
		Debug|Any CPU = Debug|Any CPU
		Release|Any CPU = Release|Any CPU
	EndGlobalSection
	GlobalSection(ProjectConfigurationPlatforms) = postSolution
		{B4D7092C-22B6-4ED1-9FB1-747E3C5FB60D}.Debug|Any CPU.ActiveCfg = Debug|Any CPU
		{B4D7092C-22B6-4ED1-9FB1-747E3C5FB60D}.Debug|Any CPU.Build.0 = Debug|Any CPU
		{B4D7092C-22B6-4ED1-9FB1-747E3C5FB60D}.Release|Any CPU.ActiveCfg = Release|Any CPU
		{B4D7092C-22B6-4ED1-9FB1-747E3C5FB60D}.Release|Any CPU.Build.0 = Release|Any CPU
		{BB08CF62-35F4-4EC5-BE3E-5215F1E26B69}.Debug|Any CPU.ActiveCfg = Debug|Any CPU
		{BB08CF62-35F4-4EC5-BE3E-5215F1E26B69}.Debug|Any CPU.Build.0 = Debug|Any CPU
		{BB08CF62-35F4-4EC5-BE3E-5215F1E26B69}.Release|Any CPU.ActiveCfg = Release|Any CPU
		{BB08CF62-35F4-4EC5-BE3E-5215F1E26B69}.Release|Any CPU.Build.0 = Release|Any CPU
	EndGlobalSection
	GlobalSection(SolutionProperties) = preSolution
		HideSolutionNode = FALSE
	EndGlobalSection
	GlobalSection(ExtensibilityGlobals) = postSolution
		SolutionGuid = {8E725DF8-59AD-4728-A999-414F799611DB}
	EndGlobalSection
EndGlobal
