
Microsoft Visual Studio Solution File, Format Version 12.00
# Visual Studio Version 16
VisualStudioVersion = 16.0.31321.278
MinimumVisualStudioVersion = 10.0.40219.1
Project("{FAE04EC0-301F-11D3-BF4B-00C04F79EFBC}") = "Homework.Class08", "Homework.Class08\Homework.Class08.csproj", "{DB6690CA-0D4F-4AF0-8F8E-78AC87043F51}"
EndProject
Global
	GlobalSection(SolutionConfigurationPlatforms) = preSolution
		Debug|Any CPU = Debug|Any CPU
		Release|Any CPU = Release|Any CPU
	EndGlobalSection
	GlobalSection(ProjectConfigurationPlatforms) = postSolution
		{DB6690CA-0D4F-4AF0-8F8E-78AC87043F51}.Debug|Any CPU.ActiveCfg = Debug|Any CPU
		{DB6690CA-0D4F-4AF0-8F8E-78AC87043F51}.Debug|Any CPU.Build.0 = Debug|Any CPU
		{DB6690CA-0D4F-4AF0-8F8E-78AC87043F51}.Release|Any CPU.ActiveCfg = Release|Any CPU
		{DB6690CA-0D4F-4AF0-8F8E-78AC87043F51}.Release|Any CPU.Build.0 = Release|Any CPU
	EndGlobalSection
	GlobalSection(SolutionProperties) = preSolution
		HideSolutionNode = FALSE
	EndGlobalSection
	GlobalSection(ExtensibilityGlobals) = postSolution
		SolutionGuid = {67CCF9A8-E639-48D1-B7AF-1287460DF518}
	EndGlobalSection
EndGlobal
