
Microsoft Visual Studio Solution File, Format Version 12.00
# Visual Studio Version 16
VisualStudioVersion = 16.0.31321.278
MinimumVisualStudioVersion = 10.0.40219.1
Project("{FAE04EC0-301F-11D3-BF4B-00C04F79EFBC}") = "ClassLibraries", "ClassLibraries\ClassLibraries.csproj", "{A320C146-537C-4282-BE07-C63E642DBFDE}"
EndProject
Project("{FAE04EC0-301F-11D3-BF4B-00C04F79EFBC}") = "Models", "Models\Models.csproj", "{DE4942D7-FA34-4292-8CB9-57D48EFEAD85}"
EndProject
Project("{FAE04EC0-301F-11D3-BF4B-00C04F79EFBC}") = "Services", "Services\Services.csproj", "{ADC87159-F533-4957-AEBC-126F951BE746}"
EndProject
Global
	GlobalSection(SolutionConfigurationPlatforms) = preSolution
		Debug|Any CPU = Debug|Any CPU
		Release|Any CPU = Release|Any CPU
	EndGlobalSection
	GlobalSection(ProjectConfigurationPlatforms) = postSolution
		{A320C146-537C-4282-BE07-C63E642DBFDE}.Debug|Any CPU.ActiveCfg = Debug|Any CPU
		{A320C146-537C-4282-BE07-C63E642DBFDE}.Debug|Any CPU.Build.0 = Debug|Any CPU
		{A320C146-537C-4282-BE07-C63E642DBFDE}.Release|Any CPU.ActiveCfg = Release|Any CPU
		{A320C146-537C-4282-BE07-C63E642DBFDE}.Release|Any CPU.Build.0 = Release|Any CPU
		{DE4942D7-FA34-4292-8CB9-57D48EFEAD85}.Debug|Any CPU.ActiveCfg = Debug|Any CPU
		{DE4942D7-FA34-4292-8CB9-57D48EFEAD85}.Debug|Any CPU.Build.0 = Debug|Any CPU
		{DE4942D7-FA34-4292-8CB9-57D48EFEAD85}.Release|Any CPU.ActiveCfg = Release|Any CPU
		{DE4942D7-FA34-4292-8CB9-57D48EFEAD85}.Release|Any CPU.Build.0 = Release|Any CPU
		{ADC87159-F533-4957-AEBC-126F951BE746}.Debug|Any CPU.ActiveCfg = Debug|Any CPU
		{ADC87159-F533-4957-AEBC-126F951BE746}.Debug|Any CPU.Build.0 = Debug|Any CPU
		{ADC87159-F533-4957-AEBC-126F951BE746}.Release|Any CPU.ActiveCfg = Release|Any CPU
		{ADC87159-F533-4957-AEBC-126F951BE746}.Release|Any CPU.Build.0 = Release|Any CPU
	EndGlobalSection
	GlobalSection(SolutionProperties) = preSolution
		HideSolutionNode = FALSE
	EndGlobalSection
	GlobalSection(ExtensibilityGlobals) = postSolution
		SolutionGuid = {FAAAD8EF-288A-4226-89EE-144375E0542F}
	EndGlobalSection
EndGlobal
